// !$*UTF8*$!
{
	archiveVersion = 1;
	classes = {
	};
	objectVersion = 56;
	objects = {

/* Begin PBXBuildFile section */
		C31F090E2AD44C7200389147 /* Book.swift in Sources */ = {isa = PBXBuildFile; fileRef = C31F090D2AD44C7200389147 /* Book.swift */; };
		C31F09102AD451D200389147 /* LikeButton.swift in Sources */ = {isa = PBXBuildFile; fileRef = C31F090F2AD451D200389147 /* LikeButton.swift */; };
		C31F09122AD4520D00389147 /* Row.swift in Sources */ = {isa = PBXBuildFile; fileRef = C31F09112AD4520D00389147 /* Row.swift */; };
		C31F09142AD4598C00389147 /* DetailView.swift in Sources */ = {isa = PBXBuildFile; fileRef = C31F09132AD4598C00389147 /* DetailView.swift */; };
		C31F09172AD546C300389147 /* LikeView.swift in Sources */ = {isa = PBXBuildFile; fileRef = C31F09162AD546C300389147 /* LikeView.swift */; };
		C31F09192AD54A3500389147 /* ReadStatus.swift in Sources */ = {isa = PBXBuildFile; fileRef = C31F09182AD54A3500389147 /* ReadStatus.swift */; };
		C322870A2AD4108200FE1C6E /* booksApp.swift in Sources */ = {isa = PBXBuildFile; fileRef = C32287092AD4108200FE1C6E /* booksApp.swift */; };
		C322870C2AD4108200FE1C6E /* MainView.swift in Sources */ = {isa = PBXBuildFile; fileRef = C322870B2AD4108200FE1C6E /* MainView.swift */; };
		C322870E2AD4108400FE1C6E /* Assets.xcassets in Resources */ = {isa = PBXBuildFile; fileRef = C322870D2AD4108400FE1C6E /* Assets.xcassets */; };
		C32287112AD4108400FE1C6E /* Preview Assets.xcassets in Resources */ = {isa = PBXBuildFile; fileRef = C32287102AD4108400FE1C6E /* Preview Assets.xcassets */; };
/* End PBXBuildFile section */

/* Begin PBXFileReference section */
		C31F090D2AD44C7200389147 /* Book.swift */ = {isa = PBXFileReference; lastKnownFileType = sourcecode.swift; path = Book.swift; sourceTree = "<group>"; };
		C31F090F2AD451D200389147 /* LikeButton.swift */ = {isa = PBXFileReference; lastKnownFileType = sourcecode.swift; path = LikeButton.swift; sourceTree = "<group>"; };
		C31F09112AD4520D00389147 /* Row.swift */ = {isa = PBXFileReference; lastKnownFileType = sourcecode.swift; path = Row.swift; sourceTree = "<group>"; };
		C31F09132AD4598C00389147 /* DetailView.swift */ = {isa = PBXFileReference; lastKnownFileType = sourcecode.swift; path = DetailView.swift; sourceTree = "<group>"; };
		C31F09162AD546C300389147 /* LikeView.swift */ = {isa = PBXFileReference; lastKnownFileType = sourcecode.swift; path = LikeView.swift; sourceTree = "<group>"; };
		C31F09182AD54A3500389147 /* ReadStatus.swift */ = {isa = PBXFileReference; lastKnownFileType = sourcecode.swift; path = ReadStatus.swift; sourceTree = "<group>"; };
		C32287062AD4108200FE1C6E /* books.app */ = {isa = PBXFileReference; explicitFileType = wrapper.application; includeInIndex = 0; path = books.app; sourceTree = BUILT_PRODUCTS_DIR; };
		C32287092AD4108200FE1C6E /* booksApp.swift */ = {isa = PBXFileReference; lastKnownFileType = sourcecode.swift; path = booksApp.swift; sourceTree = "<group>"; };
		C322870B2AD4108200FE1C6E /* MainView.swift */ = {isa = PBXFileReference; lastKnownFileType = sourcecode.swift; path = MainView.swift; sourceTree = "<group>"; };
		C322870D2AD4108400FE1C6E /* Assets.xcassets */ = {isa = PBXFileReference; lastKnownFileType = folder.assetcatalog; path = Assets.xcassets; sourceTree = "<group>"; };
		C32287102AD4108400FE1C6E /* Preview Assets.xcassets */ = {isa = PBXFileReference; lastKnownFileType = folder.assetcatalog; path = "Preview Assets.xcassets"; sourceTree = "<group>"; };
/* End PBXFileReference section */

/* Begin PBXFrameworksBuildPhase section */
		C32287032AD4108200FE1C6E /* Frameworks */ = {
			isa = PBXFrameworksBuildPhase;
			buildActionMask = 2147483647;
			files = (
			);
			runOnlyForDeploymentPostprocessing = 0;
		};
/* End PBXFrameworksBuildPhase section */

/* Begin PBXGroup section */
		C31F090A2AD440DB00389147 /* App */ = {
			isa = PBXGroup;
			children = (
				C32287092AD4108200FE1C6E /* booksApp.swift */,
			);
			path = App;
			sourceTree = "<group>";
		};
		C31F090B2AD440E400389147 /* Views */ = {
			isa = PBXGroup;
			children = (
				C31F091B2AD54AEF00389147 /* MainView */,
				C31F091A2AD54ADC00389147 /* DetailView */,
				C31F091C2AD54CAB00389147 /* EditView */,
				C31F09152AD546B100389147 /* OtherView */,
				C322870B2AD4108200FE1C6E /* MainView.swift */,
				C31F09112AD4520D00389147 /* Row.swift */,
				C31F090F2AD451D200389147 /* LikeButton.swift */,
			);
			path = Views;
			sourceTree = "<group>";
		};
		C31F090C2AD44C5900389147 /* Modals */ = {
			isa = PBXGroup;
			children = (
				C31F090D2AD44C7200389147 /* Book.swift */,
			);
			path = Modals;
			sourceTree = "<group>";
		};
		C31F09152AD546B100389147 /* OtherView */ = {
			isa = PBXGroup;
			children = (
				C31F09162AD546C300389147 /* LikeView.swift */,
				C31F09182AD54A3500389147 /* ReadStatus.swift */,
			);
			path = OtherView;
			sourceTree = "<group>";
		};
		C31F091A2AD54ADC00389147 /* DetailView */ = {
			isa = PBXGroup;
			children = (
				C31F09132AD4598C00389147 /* DetailView.swift */,
			);
			path = DetailView;
			sourceTree = "<group>";
		};
		C31F091B2AD54AEF00389147 /* MainView */ = {
			isa = PBXGroup;
			children = (
			);
			path = MainView;
			sourceTree = "<group>";
		};
		C31F091C2AD54CAB00389147 /* EditView */ = {
			isa = PBXGroup;
			children = (
			);
			path = EditView;
			sourceTree = "<group>";
		};
		C32286FD2AD4108200FE1C6E = {
			isa = PBXGroup;
			children = (
				C32287082AD4108200FE1C6E /* books */,
				C32287072AD4108200FE1C6E /* Products */,
			);
			sourceTree = "<group>";
		};
		C32287072AD4108200FE1C6E /* Products */ = {
			isa = PBXGroup;
			children = (
				C32287062AD4108200FE1C6E /* books.app */,
			);
			name = Products;
			sourceTree = "<group>";
		};
		C32287082AD4108200FE1C6E /* books */ = {
			isa = PBXGroup;
			children = (
				C31F090C2AD44C5900389147 /* Modals */,
				C31F090B2AD440E400389147 /* Views */,
				C31F090A2AD440DB00389147 /* App */,
				C322870D2AD4108400FE1C6E /* Assets.xcassets */,
				C322870F2AD4108400FE1C6E /* Preview Content */,
			);
			path = books;
			sourceTree = "<group>";
		};
		C322870F2AD4108400FE1C6E /* Preview Content */ = {
			isa = PBXGroup;
			children = (
				C32287102AD4108400FE1C6E /* Preview Assets.xcassets */,
			);
			path = "Preview Content";
			sourceTree = "<group>";
		};
/* End PBXGroup section */

/* Begin PBXNativeTarget section */
		C32287052AD4108200FE1C6E /* books */ = {
			isa = PBXNativeTarget;
			buildConfigurationList = C32287142AD4108400FE1C6E /* Build configuration list for PBXNativeTarget "books" */;
			buildPhases = (
				C32287022AD4108200FE1C6E /* Sources */,
				C32287032AD4108200FE1C6E /* Frameworks */,
				C32287042AD4108200FE1C6E /* Resources */,
			);
			buildRules = (
			);
			dependencies = (
			);
			name = books;
			productName = books;
			productReference = C32287062AD4108200FE1C6E /* books.app */;
			productType = "com.apple.product-type.application";
		};
/* End PBXNativeTarget section */

/* Begin PBXProject section */
		C32286FE2AD4108200FE1C6E /* Project object */ = {
			isa = PBXProject;
			attributes = {
				BuildIndependentTargetsInParallel = 1;
				LastSwiftUpdateCheck = 1500;
				LastUpgradeCheck = 1500;
				TargetAttributes = {
					C32287052AD4108200FE1C6E = {
						CreatedOnToolsVersion = 15.0;
					};
				};
			};
			buildConfigurationList = C32287012AD4108200FE1C6E /* Build configuration list for PBXProject "books" */;
			compatibilityVersion = "Xcode 14.0";
			developmentRegion = en;
			hasScannedForEncodings = 0;
			knownRegions = (
				en,
				Base,
			);
			mainGroup = C32286FD2AD4108200FE1C6E;
			productRefGroup = C32287072AD4108200FE1C6E /* Products */;
			projectDirPath = "";
			projectRoot = "";
			targets = (
				C32287052AD4108200FE1C6E /* books */,
			);
		};
/* End PBXProject section */

/* Begin PBXResourcesBuildPhase section */
		C32287042AD4108200FE1C6E /* Resources */ = {
			isa = PBXResourcesBuildPhase;
			buildActionMask = 2147483647;
			files = (
				C32287112AD4108400FE1C6E /* Preview Assets.xcassets in Resources */,
				C322870E2AD4108400FE1C6E /* Assets.xcassets in Resources */,
			);
			runOnlyForDeploymentPostprocessing = 0;
		};
/* End PBXResourcesBuildPhase section */

/* Begin PBXSourcesBuildPhase section */
		C32287022AD4108200FE1C6E /* Sources */ = {
			isa = PBXSourcesBuildPhase;
			buildActionMask = 2147483647;
			files = (
				C31F09172AD546C300389147 /* LikeView.swift in Sources */,
				C31F09102AD451D200389147 /* LikeButton.swift in Sources */,
				C31F09142AD4598C00389147 /* DetailView.swift in Sources */,
				C31F09192AD54A3500389147 /* ReadStatus.swift in Sources */,
				C322870C2AD4108200FE1C6E /* MainView.swift in Sources */,
				C322870A2AD4108200FE1C6E /* booksApp.swift in Sources */,
				C31F09122AD4520D00389147 /* Row.swift in Sources */,
				C31F090E2AD44C7200389147 /* Book.swift in Sources */,
			);
			runOnlyForDeploymentPostprocessing = 0;
		};
/* End PBXSourcesBuildPhase section */

/* Begin XCBuildConfiguration section */
		C32287122AD4108400FE1C6E /* Debug */ = {
			isa = XCBuildConfiguration;
			buildSettings = {
				ALWAYS_SEARCH_USER_PATHS = NO;
				ASSETCATALOG_COMPILER_GENERATE_SWIFT_ASSET_SYMBOL_EXTENSIONS = YES;
				CLANG_ANALYZER_NONNULL = YES;
				CLANG_ANALYZER_NUMBER_OBJECT_CONVERSION = YES_AGGRESSIVE;
				CLANG_CXX_LANGUAGE_STANDARD = "gnu++20";
				CLANG_ENABLE_MODULES = YES;
				CLANG_ENABLE_OBJC_ARC = YES;
				CLANG_ENABLE_OBJC_WEAK = YES;
				CLANG_WARN_BLOCK_CAPTURE_AUTORELEASING = YES;
				CLANG_WARN_BOOL_CONVERSION = YES;
				CLANG_WARN_COMMA = YES;
				CLANG_WARN_CONSTANT_CONVERSION = YES;
				CLANG_WARN_DEPRECATED_OBJC_IMPLEMENTATIONS = YES;
				CLANG_WARN_DIRECT_OBJC_ISA_USAGE = YES_ERROR;
				CLANG_WARN_DOCUMENTATION_COMMENTS = YES;
				CLANG_WARN_EMPTY_BODY = YES;
				CLANG_WARN_ENUM_CONVERSION = YES;
				CLANG_WARN_INFINITE_RECURSION = YES;
				CLANG_WARN_INT_CONVERSION = YES;
				CLANG_WARN_NON_LITERAL_NULL_CONVERSION = YES;
				CLANG_WARN_OBJC_IMPLICIT_RETAIN_SELF = YES;
				CLANG_WARN_OBJC_LITERAL_CONVERSION = YES;
				CLANG_WARN_OBJC_ROOT_CLASS = YES_ERROR;
				CLANG_WARN_QUOTED_INCLUDE_IN_FRAMEWORK_HEADER = YES;
				CLANG_WARN_RANGE_LOOP_ANALYSIS = YES;
				CLANG_WARN_STRICT_PROTOTYPES = YES;
				CLANG_WARN_SUSPICIOUS_MOVE = YES;
				CLANG_WARN_UNGUARDED_AVAILABILITY = YES_AGGRESSIVE;
				CLANG_WARN_UNREACHABLE_CODE = YES;
				CLANG_WARN__DUPLICATE_METHOD_MATCH = YES;
				COPY_PHASE_STRIP = NO;
				DEBUG_INFORMATION_FORMAT = dwarf;
				ENABLE_STRICT_OBJC_MSGSEND = YES;
				ENABLE_TESTABILITY = YES;
				ENABLE_USER_SCRIPT_SANDBOXING = YES;
				GCC_C_LANGUAGE_STANDARD = gnu17;
				GCC_DYNAMIC_NO_PIC = NO;
				GCC_NO_COMMON_BLOCKS = YES;
				GCC_OPTIMIZATION_LEVEL = 0;
				GCC_PREPROCESSOR_DEFINITIONS = (
					"DEBUG=1",
					"$(inherited)",
				);
				GCC_WARN_64_TO_32_BIT_CONVERSION = YES;
				GCC_WARN_ABOUT_RETURN_TYPE = YES_ERROR;
				GCC_WARN_UNDECLARED_SELECTOR = YES;
				GCC_WARN_UNINITIALIZED_AUTOS = YES_AGGRESSIVE;
				GCC_WARN_UNUSED_FUNCTION = YES;
				GCC_WARN_UNUSED_VARIABLE = YES;
				IPHONEOS_DEPLOYMENT_TARGET = 17.0;
				LOCALIZATION_PREFERS_STRING_CATALOGS = YES;
				MTL_ENABLE_DEBUG_INFO = INCLUDE_SOURCE;
				MTL_FAST_MATH = YES;
				ONLY_ACTIVE_ARCH = YES;
				SDKROOT = iphoneos;
				SWIFT_ACTIVE_COMPILATION_CONDITIONS = "DEBUG $(inherited)";
				SWIFT_OPTIMIZATION_LEVEL = "-Onone";
			};
			name = Debug;
		};
		C32287132AD4108400FE1C6E /* Release */ = {
			isa = XCBuildConfiguration;
			buildSettings = {
				ALWAYS_SEARCH_USER_PATHS = NO;
				ASSETCATALOG_COMPILER_GENERATE_SWIFT_ASSET_SYMBOL_EXTENSIONS = YES;
				CLANG_ANALYZER_NONNULL = YES;
				CLANG_ANALYZER_NUMBER_OBJECT_CONVERSION = YES_AGGRESSIVE;
				CLANG_CXX_LANGUAGE_STANDARD = "gnu++20";
				CLANG_ENABLE_MODULES = YES;
				CLANG_ENABLE_OBJC_ARC = YES;
				CLANG_ENABLE_OBJC_WEAK = YES;
				CLANG_WARN_BLOCK_CAPTURE_AUTORELEASING = YES;
				CLANG_WARN_BOOL_CONVERSION = YES;
				CLANG_WARN_COMMA = YES;
				CLANG_WARN_CONSTANT_CONVERSION = YES;
				CLANG_WARN_DEPRECATED_OBJC_IMPLEMENTATIONS = YES;
				CLANG_WARN_DIRECT_OBJC_ISA_USAGE = YES_ERROR;
				CLANG_WARN_DOCUMENTATION_COMMENTS = YES;
				CLANG_WARN_EMPTY_BODY = YES;
				CLANG_WARN_ENUM_CONVERSION = YES;
				CLANG_WARN_INFINITE_RECURSION = YES;
				CLANG_WARN_INT_CONVERSION = YES;
				CLANG_WARN_NON_LITERAL_NULL_CONVERSION = YES;
				CLANG_WARN_OBJC_IMPLICIT_RETAIN_SELF = YES;
				CLANG_WARN_OBJC_LITERAL_CONVERSION = YES;
				CLANG_WARN_OBJC_ROOT_CLASS = YES_ERROR;
				CLANG_WARN_QUOTED_INCLUDE_IN_FRAMEWORK_HEADER = YES;
				CLANG_WARN_RANGE_LOOP_ANALYSIS = YES;
				CLANG_WARN_STRICT_PROTOTYPES = YES;
				CLANG_WARN_SUSPICIOUS_MOVE = YES;
				CLANG_WARN_UNGUARDED_AVAILABILITY = YES_AGGRESSIVE;
				CLANG_WARN_UNREACHABLE_CODE = YES;
				CLANG_WARN__DUPLICATE_METHOD_MATCH = YES;
				COPY_PHASE_STRIP = NO;
				DEBUG_INFORMATION_FORMAT = "dwarf-with-dsym";
				ENABLE_NS_ASSERTIONS = NO;
				ENABLE_STRICT_OBJC_MSGSEND = YES;
				ENABLE_USER_SCRIPT_SANDBOXING = YES;
				GCC_C_LANGUAGE_STANDARD = gnu17;
				GCC_NO_COMMON_BLOCKS = YES;
				GCC_WARN_64_TO_32_BIT_CONVERSION = YES;
				GCC_WARN_ABOUT_RETURN_TYPE = YES_ERROR;
				GCC_WARN_UNDECLARED_SELECTOR = YES;
				GCC_WARN_UNINITIALIZED_AUTOS = YES_AGGRESSIVE;
				GCC_WARN_UNUSED_FUNCTION = YES;
				GCC_WARN_UNUSED_VARIABLE = YES;
				IPHONEOS_DEPLOYMENT_TARGET = 17.0;
				LOCALIZATION_PREFERS_STRING_CATALOGS = YES;
				MTL_ENABLE_DEBUG_INFO = NO;
				MTL_FAST_MATH = YES;
				SDKROOT = iphoneos;
				SWIFT_COMPILATION_MODE = wholemodule;
				VALIDATE_PRODUCT = YES;
			};
			name = Release;
		};
		C32287152AD4108400FE1C6E /* Debug */ = {
			isa = XCBuildConfiguration;
			buildSettings = {
				ASSETCATALOG_COMPILER_APPICON_NAME = AppIcon;
				ASSETCATALOG_COMPILER_GLOBAL_ACCENT_COLOR_NAME = AccentColor;
				CODE_SIGN_STYLE = Automatic;
				CURRENT_PROJECT_VERSION = 1;
				DEVELOPMENT_ASSET_PATHS = "\"books/Preview Content\"";
				DEVELOPMENT_TEAM = FPH322W3GM;
				ENABLE_PREVIEWS = YES;
				GENERATE_INFOPLIST_FILE = YES;
				INFOPLIST_KEY_UIApplicationSceneManifest_Generation = YES;
				INFOPLIST_KEY_UIApplicationSupportsIndirectInputEvents = YES;
				INFOPLIST_KEY_UILaunchScreen_Generation = YES;
				INFOPLIST_KEY_UISupportedInterfaceOrientations_iPad = "UIInterfaceOrientationPortrait UIInterfaceOrientationPortraitUpsideDown UIInterfaceOrientationLandscapeLeft UIInterfaceOrientationLandscapeRight";
				INFOPLIST_KEY_UISupportedInterfaceOrientations_iPhone = "UIInterfaceOrientationPortrait UIInterfaceOrientationLandscapeLeft UIInterfaceOrientationLandscapeRight";
				LD_RUNPATH_SEARCH_PATHS = (
					"$(inherited)",
					"@executable_path/Frameworks",
				);
				MARKETING_VERSION = 1.0;
				PRODUCT_BUNDLE_IDENTIFIER = com.kagankuscu.books;
				PRODUCT_NAME = "$(TARGET_NAME)";
				SWIFT_EMIT_LOC_STRINGS = YES;
				SWIFT_VERSION = 5.0;
				TARGETED_DEVICE_FAMILY = "1,2";
			};
			name = Debug;
		};
		C32287162AD4108400FE1C6E /* Release */ = {
			isa = XCBuildConfiguration;
			buildSettings = {
				ASSETCATALOG_COMPILER_APPICON_NAME = AppIcon;
				ASSETCATALOG_COMPILER_GLOBAL_ACCENT_COLOR_NAME = AccentColor;
				CODE_SIGN_STYLE = Automatic;
				CURRENT_PROJECT_VERSION = 1;
				DEVELOPMENT_ASSET_PATHS = "\"books/Preview Content\"";
				DEVELOPMENT_TEAM = FPH322W3GM;
				ENABLE_PREVIEWS = YES;
				GENERATE_INFOPLIST_FILE = YES;
				INFOPLIST_KEY_UIApplicationSceneManifest_Generation = YES;
				INFOPLIST_KEY_UIApplicationSupportsIndirectInputEvents = YES;
				INFOPLIST_KEY_UILaunchScreen_Generation = YES;
				INFOPLIST_KEY_UISupportedInterfaceOrientations_iPad = "UIInterfaceOrientationPortrait UIInterfaceOrientationPortraitUpsideDown UIInterfaceOrientationLandscapeLeft UIInterfaceOrientationLandscapeRight";
				INFOPLIST_KEY_UISupportedInterfaceOrientations_iPhone = "UIInterfaceOrientationPortrait UIInterfaceOrientationLandscapeLeft UIInterfaceOrientationLandscapeRight";
				LD_RUNPATH_SEARCH_PATHS = (
					"$(inherited)",
					"@executable_path/Frameworks",
				);
				MARKETING_VERSION = 1.0;
				PRODUCT_BUNDLE_IDENTIFIER = com.kagankuscu.books;
				PRODUCT_NAME = "$(TARGET_NAME)";
				SWIFT_EMIT_LOC_STRINGS = YES;
				SWIFT_VERSION = 5.0;
				TARGETED_DEVICE_FAMILY = "1,2";
			};
			name = Release;
		};
/* End XCBuildConfiguration section */

/* Begin XCConfigurationList section */
		C32287012AD4108200FE1C6E /* Build configuration list for PBXProject "books" */ = {
			isa = XCConfigurationList;
			buildConfigurations = (
				C32287122AD4108400FE1C6E /* Debug */,
				C32287132AD4108400FE1C6E /* Release */,
			);
			defaultConfigurationIsVisible = 0;
			defaultConfigurationName = Release;
		};
		C32287142AD4108400FE1C6E /* Build configuration list for PBXNativeTarget "books" */ = {
			isa = XCConfigurationList;
			buildConfigurations = (
				C32287152AD4108400FE1C6E /* Debug */,
				C32287162AD4108400FE1C6E /* Release */,
			);
			defaultConfigurationIsVisible = 0;
			defaultConfigurationName = Release;
		};
/* End XCConfigurationList section */
	};
	rootObject = C32286FE2AD4108200FE1C6E /* Project object */;
}
